PODS:
  - KAPinField (5.0.1)
  - SKCountryPicker (1.2.9)

DEPENDENCIES:
  - KAPinField
  - SKCountryPicker

SPEC REPOS:
  trunk:
    - KAPinField
    - SKCountryPicker

SPEC CHECKSUMS:
  KAPinField: 24d85205115c1bb6aef8ff809944f41ac8c2785f
  SKCountryPicker: 7ad1e7dfb482cfb26855e33c2d70dbf1eaf218fe

PODFILE CHECKSUM: 0135d5eb6a0f1dfa985a835c8e941322673bc3de

COCOAPODS: 1.9.1
