// !$*UTF8*$!
{
	archiveVersion = 1;
	classes = {
	};
	objectVersion = 51;
	objects = {

/* Begin PBXBuildFile section */
		220BF455D67E817612C16394 /* Pods_Surprise_Me_Test.framework in Frameworks */ = {isa = PBXBuildFile; fileRef = 99A1570F246D4703737E18C9 /* Pods_Surprise_Me_Test.framework */; };
		DDEAF60424892026003BD54D /* AppDelegate.swift in Sources */ = {isa = PBXBuildFile; fileRef = DDEAF60324892026003BD54D /* AppDelegate.swift */; };
		DDEAF60824892026003BD54D /* ViewController.swift in Sources */ = {isa = PBXBuildFile; fileRef = DDEAF60724892026003BD54D /* ViewController.swift */; };
		DDEAF60B24892026003BD54D /* Main.storyboard in Resources */ = {isa = PBXBuildFile; fileRef = DDEAF60924892026003BD54D /* Main.storyboard */; };
		DDEAF60D24892026003BD54D /* Assets.xcassets in Resources */ = {isa = PBXBuildFile; fileRef = DDEAF60C24892026003BD54D /* Assets.xcassets */; };
		DDEAF61024892026003BD54D /* LaunchScreen.storyboard in Resources */ = {isa = PBXBuildFile; fileRef = DDEAF60E24892026003BD54D /* LaunchScreen.storyboard */; };
		DDEAF623248922C2003BD54D /* Coordinator.swift in Sources */ = {isa = PBXBuildFile; fileRef = DDEAF622248922C2003BD54D /* Coordinator.swift */; };
		DDEAF62524892381003BD54D /* MainCoordinator.swift in Sources */ = {isa = PBXBuildFile; fileRef = DDEAF62424892381003BD54D /* MainCoordinator.swift */; };
		DDEAF627248932AB003BD54D /* SignInViewController.swift in Sources */ = {isa = PBXBuildFile; fileRef = DDEAF626248932AB003BD54D /* SignInViewController.swift */; };
		DDEAF6292489336B003BD54D /* SignInCoordinator.swift in Sources */ = {isa = PBXBuildFile; fileRef = DDEAF6282489336B003BD54D /* SignInCoordinator.swift */; };
		DDEAF62C24893A9F003BD54D /* SignInView.swift in Sources */ = {isa = PBXBuildFile; fileRef = DDEAF62B24893A9F003BD54D /* SignInView.swift */; };
		DDEAF63024893AE8003BD54D /* AsyncImageView.swift in Sources */ = {isa = PBXBuildFile; fileRef = DDEAF62F24893AE8003BD54D /* AsyncImageView.swift */; };
		DDEAF63324893B0A003BD54D /* ImageCache.swift in Sources */ = {isa = PBXBuildFile; fileRef = DDEAF63224893B0A003BD54D /* ImageCache.swift */; };
		DDEAF63524893B37003BD54D /* DownloadManager.swift in Sources */ = {isa = PBXBuildFile; fileRef = DDEAF63424893B37003BD54D /* DownloadManager.swift */; };
		DDEAF63724893B5F003BD54D /* HTTPURLResponse+HasSuccessStatusCodel.swift in Sources */ = {isa = PBXBuildFile; fileRef = DDEAF63624893B5F003BD54D /* HTTPURLResponse+HasSuccessStatusCodel.swift */; };
		DDEAF63A24893BE7003BD54D /* CustomError.swift in Sources */ = {isa = PBXBuildFile; fileRef = DDEAF63924893BE7003BD54D /* CustomError.swift */; };
		DDEAF63C24893C1E003BD54D /* DataWorker.swift in Sources */ = {isa = PBXBuildFile; fileRef = DDEAF63B24893C1E003BD54D /* DataWorker.swift */; };
		DDEAF64024896EBD003BD54D /* PastelessTextField.swift in Sources */ = {isa = PBXBuildFile; fileRef = DDEAF63F24896EBD003BD54D /* PastelessTextField.swift */; };
		DDEAF643248B8431003BD54D /* SignInViewModel.swift in Sources */ = {isa = PBXBuildFile; fileRef = DDEAF642248B8431003BD54D /* SignInViewModel.swift */; };
		DDEAF646248B8486003BD54D /* User.swift in Sources */ = {isa = PBXBuildFile; fileRef = DDEAF645248B8486003BD54D /* User.swift */; };
		DDEAF648248B84EB003BD54D /* Tour.swift in Sources */ = {isa = PBXBuildFile; fileRef = DDEAF647248B84EB003BD54D /* Tour.swift */; };
		DDEAF64A248B8602003BD54D /* Showplace.swift in Sources */ = {isa = PBXBuildFile; fileRef = DDEAF649248B8602003BD54D /* Showplace.swift */; };
		DDEAF64C248B94CA003BD54D /* URLBuilder.swift in Sources */ = {isa = PBXBuildFile; fileRef = DDEAF64B248B94CA003BD54D /* URLBuilder.swift */; };
		DDEAF64E248BAE5D003BD54D /* UITapGestureRecognizer+didTapAttributedTextInLabel.swift in Sources */ = {isa = PBXBuildFile; fileRef = DDEAF64D248BAE5D003BD54D /* UITapGestureRecognizer+didTapAttributedTextInLabel.swift */; };
		DDEAF654248BCE66003BD54D /* PhoneNumber.swift in Sources */ = {isa = PBXBuildFile; fileRef = DDEAF653248BCE66003BD54D /* PhoneNumber.swift */; };
		DDEAF658248BE22B003BD54D /* CodeViewController.swift in Sources */ = {isa = PBXBuildFile; fileRef = DDEAF657248BE22B003BD54D /* CodeViewController.swift */; };
		DDEAF65A248BEE28003BD54D /* URLRequestBuilder.swift in Sources */ = {isa = PBXBuildFile; fileRef = DDEAF659248BEE28003BD54D /* URLRequestBuilder.swift */; };
		DDEAF65C248BEE56003BD54D /* Dictionary+PercentEncoded.swift in Sources */ = {isa = PBXBuildFile; fileRef = DDEAF65B248BEE56003BD54D /* Dictionary+PercentEncoded.swift */; };
		DDEAF660248C00E8003BD54D /* ConstraintConstants.swift in Sources */ = {isa = PBXBuildFile; fileRef = DDEAF65F248C00E8003BD54D /* ConstraintConstants.swift */; };
		DDEAF662248C02DB003BD54D /* CodeView.swift in Sources */ = {isa = PBXBuildFile; fileRef = DDEAF661248C02DB003BD54D /* CodeView.swift */; };
		DDEAF664248C08B4003BD54D /* CodeViewModel.swift in Sources */ = {isa = PBXBuildFile; fileRef = DDEAF663248C08B4003BD54D /* CodeViewModel.swift */; };
		DDEAF666248C1067003BD54D /* UIColor+CustomColor.swift in Sources */ = {isa = PBXBuildFile; fileRef = DDEAF665248C1067003BD54D /* UIColor+CustomColor.swift */; };
		DDEAF668248C1FAC003BD54D /* AlertHandler.swift in Sources */ = {isa = PBXBuildFile; fileRef = DDEAF667248C1FAC003BD54D /* AlertHandler.swift */; };
		DDEAF670248CCB31003BD54D /* Surprise_Me_Test_Tests.swift in Sources */ = {isa = PBXBuildFile; fileRef = DDEAF66F248CCB31003BD54D /* Surprise_Me_Test_Tests.swift */; };
		DDEAF678248CE425003BD54D /* PhoneNumber+Equatable.swift in Sources */ = {isa = PBXBuildFile; fileRef = DDEAF677248CE425003BD54D /* PhoneNumber+Equatable.swift */; };
/* End PBXBuildFile section */

/* Begin PBXContainerItemProxy section */
		DDEAF672248CCB31003BD54D /* PBXContainerItemProxy */ = {
			isa = PBXContainerItemProxy;
			containerPortal = DDEAF5F824892026003BD54D /* Project object */;
			proxyType = 1;
			remoteGlobalIDString = DDEAF5FF24892026003BD54D;
			remoteInfo = "Surprise Me Test";
		};
/* End PBXContainerItemProxy section */

/* Begin PBXFileReference section */
		031D0FA6CDCA776FCD8C60AD /* Pods-Surprise Me Test.debug.xcconfig */ = {isa = PBXFileReference; includeInIndex = 1; lastKnownFileType = text.xcconfig; name = "Pods-Surprise Me Test.debug.xcconfig"; path = "Target Support Files/Pods-Surprise Me Test/Pods-Surprise Me Test.debug.xcconfig"; sourceTree = "<group>"; };
		236EFB57D3AF28FC52DE8A0F /* Pods-Surprise Me Test.release.xcconfig */ = {isa = PBXFileReference; includeInIndex = 1; lastKnownFileType = text.xcconfig; name = "Pods-Surprise Me Test.release.xcconfig"; path = "Target Support Files/Pods-Surprise Me Test/Pods-Surprise Me Test.release.xcconfig"; sourceTree = "<group>"; };
		99A1570F246D4703737E18C9 /* Pods_Surprise_Me_Test.framework */ = {isa = PBXFileReference; explicitFileType = wrapper.framework; includeInIndex = 0; path = Pods_Surprise_Me_Test.framework; sourceTree = BUILT_PRODUCTS_DIR; };
		DDEAF60024892026003BD54D /* Surprise Me Test.app */ = {isa = PBXFileReference; explicitFileType = wrapper.application; includeInIndex = 0; path = "Surprise Me Test.app"; sourceTree = BUILT_PRODUCTS_DIR; };
		DDEAF60324892026003BD54D /* AppDelegate.swift */ = {isa = PBXFileReference; lastKnownFileType = sourcecode.swift; path = AppDelegate.swift; sourceTree = "<group>"; };
		DDEAF60724892026003BD54D /* ViewController.swift */ = {isa = PBXFileReference; lastKnownFileType = sourcecode.swift; path = ViewController.swift; sourceTree = "<group>"; };
		DDEAF60A24892026003BD54D /* Base */ = {isa = PBXFileReference; lastKnownFileType = file.storyboard; name = Base; path = Base.lproj/Main.storyboard; sourceTree = "<group>"; };
		DDEAF60C24892026003BD54D /* Assets.xcassets */ = {isa = PBXFileReference; lastKnownFileType = folder.assetcatalog; path = Assets.xcassets; sourceTree = "<group>"; };
		DDEAF60F24892026003BD54D /* Base */ = {isa = PBXFileReference; lastKnownFileType = file.storyboard; name = Base; path = Base.lproj/LaunchScreen.storyboard; sourceTree = "<group>"; };
		DDEAF61124892026003BD54D /* Info.plist */ = {isa = PBXFileReference; lastKnownFileType = text.plist.xml; path = Info.plist; sourceTree = "<group>"; };
		DDEAF622248922C2003BD54D /* Coordinator.swift */ = {isa = PBXFileReference; lastKnownFileType = sourcecode.swift; path = Coordinator.swift; sourceTree = "<group>"; };
		DDEAF62424892381003BD54D /* MainCoordinator.swift */ = {isa = PBXFileReference; lastKnownFileType = sourcecode.swift; path = MainCoordinator.swift; sourceTree = "<group>"; };
		DDEAF626248932AB003BD54D /* SignInViewController.swift */ = {isa = PBXFileReference; lastKnownFileType = sourcecode.swift; path = SignInViewController.swift; sourceTree = "<group>"; };
		DDEAF6282489336B003BD54D /* SignInCoordinator.swift */ = {isa = PBXFileReference; lastKnownFileType = sourcecode.swift; path = SignInCoordinator.swift; sourceTree = "<group>"; };
		DDEAF62B24893A9F003BD54D /* SignInView.swift */ = {isa = PBXFileReference; lastKnownFileType = sourcecode.swift; path = SignInView.swift; sourceTree = "<group>"; };
		DDEAF62F24893AE8003BD54D /* AsyncImageView.swift */ = {isa = PBXFileReference; lastKnownFileType = sourcecode.swift; path = AsyncImageView.swift; sourceTree = "<group>"; };
		DDEAF63224893B0A003BD54D /* ImageCache.swift */ = {isa = PBXFileReference; lastKnownFileType = sourcecode.swift; path = ImageCache.swift; sourceTree = "<group>"; };
		DDEAF63424893B37003BD54D /* DownloadManager.swift */ = {isa = PBXFileReference; lastKnownFileType = sourcecode.swift; path = DownloadManager.swift; sourceTree = "<group>"; };
		DDEAF63624893B5F003BD54D /* HTTPURLResponse+HasSuccessStatusCodel.swift */ = {isa = PBXFileReference; lastKnownFileType = sourcecode.swift; path = "HTTPURLResponse+HasSuccessStatusCodel.swift"; sourceTree = "<group>"; };
		DDEAF63924893BE7003BD54D /* CustomError.swift */ = {isa = PBXFileReference; lastKnownFileType = sourcecode.swift; path = CustomError.swift; sourceTree = "<group>"; };
		DDEAF63B24893C1E003BD54D /* DataWorker.swift */ = {isa = PBXFileReference; lastKnownFileType = sourcecode.swift; path = DataWorker.swift; sourceTree = "<group>"; };
		DDEAF63F24896EBD003BD54D /* PastelessTextField.swift */ = {isa = PBXFileReference; lastKnownFileType = sourcecode.swift; path = PastelessTextField.swift; sourceTree = "<group>"; };
		DDEAF642248B8431003BD54D /* SignInViewModel.swift */ = {isa = PBXFileReference; lastKnownFileType = sourcecode.swift; path = SignInViewModel.swift; sourceTree = "<group>"; };
		DDEAF645248B8486003BD54D /* User.swift */ = {isa = PBXFileReference; lastKnownFileType = sourcecode.swift; path = User.swift; sourceTree = "<group>"; };
		DDEAF647248B84EB003BD54D /* Tour.swift */ = {isa = PBXFileReference; lastKnownFileType = sourcecode.swift; path = Tour.swift; sourceTree = "<group>"; };
		DDEAF649248B8602003BD54D /* Showplace.swift */ = {isa = PBXFileReference; lastKnownFileType = sourcecode.swift; path = Showplace.swift; sourceTree = "<group>"; };
		DDEAF64B248B94CA003BD54D /* URLBuilder.swift */ = {isa = PBXFileReference; lastKnownFileType = sourcecode.swift; path = URLBuilder.swift; sourceTree = "<group>"; };
		DDEAF64D248BAE5D003BD54D /* UITapGestureRecognizer+didTapAttributedTextInLabel.swift */ = {isa = PBXFileReference; lastKnownFileType = sourcecode.swift; path = "UITapGestureRecognizer+didTapAttributedTextInLabel.swift"; sourceTree = "<group>"; };
		DDEAF653248BCE66003BD54D /* PhoneNumber.swift */ = {isa = PBXFileReference; lastKnownFileType = sourcecode.swift; path = PhoneNumber.swift; sourceTree = "<group>"; };
		DDEAF657248BE22B003BD54D /* CodeViewController.swift */ = {isa = PBXFileReference; lastKnownFileType = sourcecode.swift; path = CodeViewController.swift; sourceTree = "<group>"; };
		DDEAF659248BEE28003BD54D /* URLRequestBuilder.swift */ = {isa = PBXFileReference; lastKnownFileType = sourcecode.swift; path = URLRequestBuilder.swift; sourceTree = "<group>"; };
		DDEAF65B248BEE56003BD54D /* Dictionary+PercentEncoded.swift */ = {isa = PBXFileReference; lastKnownFileType = sourcecode.swift; path = "Dictionary+PercentEncoded.swift"; sourceTree = "<group>"; };
		DDEAF65F248C00E8003BD54D /* ConstraintConstants.swift */ = {isa = PBXFileReference; lastKnownFileType = sourcecode.swift; path = ConstraintConstants.swift; sourceTree = "<group>"; };
		DDEAF661248C02DB003BD54D /* CodeView.swift */ = {isa = PBXFileReference; lastKnownFileType = sourcecode.swift; path = CodeView.swift; sourceTree = "<group>"; };
		DDEAF663248C08B4003BD54D /* CodeViewModel.swift */ = {isa = PBXFileReference; lastKnownFileType = sourcecode.swift; path = CodeViewModel.swift; sourceTree = "<group>"; };
		DDEAF665248C1067003BD54D /* UIColor+CustomColor.swift */ = {isa = PBXFileReference; lastKnownFileType = sourcecode.swift; path = "UIColor+CustomColor.swift"; sourceTree = "<group>"; };
		DDEAF667248C1FAC003BD54D /* AlertHandler.swift */ = {isa = PBXFileReference; lastKnownFileType = sourcecode.swift; path = AlertHandler.swift; sourceTree = "<group>"; };
		DDEAF66D248CCB31003BD54D /* Surprise Me Test Tests.xctest */ = {isa = PBXFileReference; explicitFileType = wrapper.cfbundle; includeInIndex = 0; path = "Surprise Me Test Tests.xctest"; sourceTree = BUILT_PRODUCTS_DIR; };
		DDEAF66F248CCB31003BD54D /* Surprise_Me_Test_Tests.swift */ = {isa = PBXFileReference; lastKnownFileType = sourcecode.swift; path = Surprise_Me_Test_Tests.swift; sourceTree = "<group>"; };
		DDEAF671248CCB31003BD54D /* Info.plist */ = {isa = PBXFileReference; lastKnownFileType = text.plist.xml; path = Info.plist; sourceTree = "<group>"; };
		DDEAF677248CE425003BD54D /* PhoneNumber+Equatable.swift */ = {isa = PBXFileReference; lastKnownFileType = sourcecode.swift; path = "PhoneNumber+Equatable.swift"; sourceTree = "<group>"; };
/* End PBXFileReference section */

/* Begin PBXFrameworksBuildPhase section */
		DDEAF5FD24892026003BD54D /* Frameworks */ = {
			isa = PBXFrameworksBuildPhase;
			buildActionMask = 2147483647;
			files = (
				220BF455D67E817612C16394 /* Pods_Surprise_Me_Test.framework in Frameworks */,
			);
			runOnlyForDeploymentPostprocessing = 0;
		};
		DDEAF66A248CCB31003BD54D /* Frameworks */ = {
			isa = PBXFrameworksBuildPhase;
			buildActionMask = 2147483647;
			files = (
			);
			runOnlyForDeploymentPostprocessing = 0;
		};
/* End PBXFrameworksBuildPhase section */

/* Begin PBXGroup section */
		72E8DC2842096E64E8F3B101 /* Frameworks */ = {
			isa = PBXGroup;
			children = (
				99A1570F246D4703737E18C9 /* Pods_Surprise_Me_Test.framework */,
			);
			name = Frameworks;
			sourceTree = "<group>";
		};
		A4ABC217ACE9DF940B97F9E0 /* Pods */ = {
			isa = PBXGroup;
			children = (
				031D0FA6CDCA776FCD8C60AD /* Pods-Surprise Me Test.debug.xcconfig */,
				236EFB57D3AF28FC52DE8A0F /* Pods-Surprise Me Test.release.xcconfig */,
			);
			path = Pods;
			sourceTree = "<group>";
		};
		DDEAF5F724892026003BD54D = {
			isa = PBXGroup;
			children = (
				DDEAF60224892026003BD54D /* Surprise Me Test */,
				DDEAF66E248CCB31003BD54D /* Surprise Me Test Tests */,
				DDEAF60124892026003BD54D /* Products */,
				A4ABC217ACE9DF940B97F9E0 /* Pods */,
				72E8DC2842096E64E8F3B101 /* Frameworks */,
			);
			sourceTree = "<group>";
		};
		DDEAF60124892026003BD54D /* Products */ = {
			isa = PBXGroup;
			children = (
				DDEAF60024892026003BD54D /* Surprise Me Test.app */,
				DDEAF66D248CCB31003BD54D /* Surprise Me Test Tests.xctest */,
			);
			name = Products;
			sourceTree = "<group>";
		};
		DDEAF60224892026003BD54D /* Surprise Me Test */ = {
			isa = PBXGroup;
			children = (
				DDEAF61724892044003BD54D /* AppDelegate */,
				DDEAF63824893BDC003BD54D /* Constants */,
				DDEAF621248922AB003BD54D /* Coordinators */,
				DDEAF62A24893822003BD54D /* Extensions */,
				DDEAF644248B845D003BD54D /* Models */,
				DDEAF61924892074003BD54D /* Resources */,
				DDEAF63124893B03003BD54D /* Utils */,
				DDEAF61D24892099003BD54D /* View controllers */,
				DDEAF641248B841D003BD54D /* View models */,
				DDEAF61A24892081003BD54D /* Views */,
			);
			path = "Surprise Me Test";
			sourceTree = "<group>";
		};
		DDEAF61724892044003BD54D /* AppDelegate */ = {
			isa = PBXGroup;
			children = (
				DDEAF60324892026003BD54D /* AppDelegate.swift */,
			);
			path = AppDelegate;
			sourceTree = "<group>";
		};
		DDEAF61924892074003BD54D /* Resources */ = {
			isa = PBXGroup;
			children = (
				DDEAF60C24892026003BD54D /* Assets.xcassets */,
				DDEAF61124892026003BD54D /* Info.plist */,
			);
			path = Resources;
			sourceTree = "<group>";
		};
		DDEAF61A24892081003BD54D /* Views */ = {
			isa = PBXGroup;
			children = (
				DDEAF62E24893AD2003BD54D /* Custom views */,
				DDEAF62D24893AC7003BD54D /* View Controllers */,
				DDEAF61B24892087003BD54D /* Storyboards */,
			);
			path = Views;
			sourceTree = "<group>";
		};
		DDEAF61B24892087003BD54D /* Storyboards */ = {
			isa = PBXGroup;
			children = (
				DDEAF60E24892026003BD54D /* LaunchScreen.storyboard */,
				DDEAF60924892026003BD54D /* Main.storyboard */,
			);
			path = Storyboards;
			sourceTree = "<group>";
		};
		DDEAF61D24892099003BD54D /* View controllers */ = {
			isa = PBXGroup;
			children = (
				DDEAF60724892026003BD54D /* ViewController.swift */,
				DDEAF626248932AB003BD54D /* SignInViewController.swift */,
				DDEAF657248BE22B003BD54D /* CodeViewController.swift */,
			);
			path = "View controllers";
			sourceTree = "<group>";
		};
		DDEAF621248922AB003BD54D /* Coordinators */ = {
			isa = PBXGroup;
			children = (
				DDEAF622248922C2003BD54D /* Coordinator.swift */,
				DDEAF62424892381003BD54D /* MainCoordinator.swift */,
				DDEAF6282489336B003BD54D /* SignInCoordinator.swift */,
			);
			path = Coordinators;
			sourceTree = "<group>";
		};
		DDEAF62A24893822003BD54D /* Extensions */ = {
			isa = PBXGroup;
			children = (
				DDEAF63624893B5F003BD54D /* HTTPURLResponse+HasSuccessStatusCodel.swift */,
				DDEAF64D248BAE5D003BD54D /* UITapGestureRecognizer+didTapAttributedTextInLabel.swift */,
				DDEAF65B248BEE56003BD54D /* Dictionary+PercentEncoded.swift */,
				DDEAF665248C1067003BD54D /* UIColor+CustomColor.swift */,
			);
			path = Extensions;
			sourceTree = "<group>";
		};
		DDEAF62D24893AC7003BD54D /* View Controllers */ = {
			isa = PBXGroup;
			children = (
				DDEAF62B24893A9F003BD54D /* SignInView.swift */,
				DDEAF661248C02DB003BD54D /* CodeView.swift */,
			);
			path = "View Controllers";
			sourceTree = "<group>";
		};
		DDEAF62E24893AD2003BD54D /* Custom views */ = {
			isa = PBXGroup;
			children = (
				DDEAF62F24893AE8003BD54D /* AsyncImageView.swift */,
				DDEAF63F24896EBD003BD54D /* PastelessTextField.swift */,
			);
			path = "Custom views";
			sourceTree = "<group>";
		};
		DDEAF63124893B03003BD54D /* Utils */ = {
			isa = PBXGroup;
			children = (
				DDEAF63B24893C1E003BD54D /* DataWorker.swift */,
				DDEAF63424893B37003BD54D /* DownloadManager.swift */,
				DDEAF63224893B0A003BD54D /* ImageCache.swift */,
				DDEAF64B248B94CA003BD54D /* URLBuilder.swift */,
				DDEAF659248BEE28003BD54D /* URLRequestBuilder.swift */,
				DDEAF667248C1FAC003BD54D /* AlertHandler.swift */,
			);
			path = Utils;
			sourceTree = "<group>";
		};
		DDEAF63824893BDC003BD54D /* Constants */ = {
			isa = PBXGroup;
			children = (
				DDEAF63924893BE7003BD54D /* CustomError.swift */,
				DDEAF65F248C00E8003BD54D /* ConstraintConstants.swift */,
			);
			path = Constants;
			sourceTree = "<group>";
		};
		DDEAF641248B841D003BD54D /* View models */ = {
			isa = PBXGroup;
			children = (
				DDEAF642248B8431003BD54D /* SignInViewModel.swift */,
				DDEAF663248C08B4003BD54D /* CodeViewModel.swift */,
			);
			path = "View models";
			sourceTree = "<group>";
		};
		DDEAF644248B845D003BD54D /* Models */ = {
			isa = PBXGroup;
			children = (
				DDEAF645248B8486003BD54D /* User.swift */,
				DDEAF653248BCE66003BD54D /* PhoneNumber.swift */,
				DDEAF647248B84EB003BD54D /* Tour.swift */,
				DDEAF649248B8602003BD54D /* Showplace.swift */,
			);
			path = Models;
			sourceTree = "<group>";
		};
		DDEAF66E248CCB31003BD54D /* Surprise Me Test Tests */ = {
			isa = PBXGroup;
			children = (
				DDEAF66F248CCB31003BD54D /* Surprise_Me_Test_Tests.swift */,
				DDEAF671248CCB31003BD54D /* Info.plist */,
				DDEAF677248CE425003BD54D /* PhoneNumber+Equatable.swift */,
			);
			path = "Surprise Me Test Tests";
			sourceTree = "<group>";
		};
/* End PBXGroup section */

/* Begin PBXNativeTarget section */
		DDEAF5FF24892026003BD54D /* Surprise Me Test */ = {
			isa = PBXNativeTarget;
			buildConfigurationList = DDEAF61424892026003BD54D /* Build configuration list for PBXNativeTarget "Surprise Me Test" */;
			buildPhases = (
				D6587CF2A46AA2A9FC975D15 /* [CP] Check Pods Manifest.lock */,
				DDEAF5FC24892026003BD54D /* Sources */,
				DDEAF5FD24892026003BD54D /* Frameworks */,
				DDEAF5FE24892026003BD54D /* Resources */,
				5EED4DA401D1EA143DF0B6FD /* [CP] Embed Pods Frameworks */,
			);
			buildRules = (
			);
			dependencies = (
			);
			name = "Surprise Me Test";
			productName = "Surprise Me Test";
			productReference = DDEAF60024892026003BD54D /* Surprise Me Test.app */;
			productType = "com.apple.product-type.application";
		};
		DDEAF66C248CCB31003BD54D /* Surprise Me Test Tests */ = {
			isa = PBXNativeTarget;
			buildConfigurationList = DDEAF674248CCB31003BD54D /* Build configuration list for PBXNativeTarget "Surprise Me Test Tests" */;
			buildPhases = (
				DDEAF669248CCB31003BD54D /* Sources */,
				DDEAF66A248CCB31003BD54D /* Frameworks */,
				DDEAF66B248CCB31003BD54D /* Resources */,
			);
			buildRules = (
			);
			dependencies = (
				DDEAF673248CCB31003BD54D /* PBXTargetDependency */,
			);
			name = "Surprise Me Test Tests";
			productName = "Surprise Me Test Tests";
			productReference = DDEAF66D248CCB31003BD54D /* Surprise Me Test Tests.xctest */;
			productType = "com.apple.product-type.bundle.unit-test";
		};
/* End PBXNativeTarget section */

/* Begin PBXProject section */
		DDEAF5F824892026003BD54D /* Project object */ = {
			isa = PBXProject;
			attributes = {
				LastSwiftUpdateCheck = 1150;
				LastUpgradeCheck = 1150;
				ORGANIZATIONNAME = "Eugene Ilyin";
				TargetAttributes = {
					DDEAF5FF24892026003BD54D = {
						CreatedOnToolsVersion = 11.5;
					};
					DDEAF66C248CCB31003BD54D = {
						CreatedOnToolsVersion = 11.5;
						TestTargetID = DDEAF5FF24892026003BD54D;
					};
				};
			};
			buildConfigurationList = DDEAF5FB24892026003BD54D /* Build configuration list for PBXProject "Surprise Me Test" */;
			compatibilityVersion = "Xcode 9.3";
			developmentRegion = en;
			hasScannedForEncodings = 0;
			knownRegions = (
				en,
				Base,
			);
			mainGroup = DDEAF5F724892026003BD54D;
			productRefGroup = DDEAF60124892026003BD54D /* Products */;
			projectDirPath = "";
			projectRoot = "";
			targets = (
				DDEAF5FF24892026003BD54D /* Surprise Me Test */,
				DDEAF66C248CCB31003BD54D /* Surprise Me Test Tests */,
			);
		};
/* End PBXProject section */

/* Begin PBXResourcesBuildPhase section */
		DDEAF5FE24892026003BD54D /* Resources */ = {
			isa = PBXResourcesBuildPhase;
			buildActionMask = 2147483647;
			files = (
				DDEAF61024892026003BD54D /* LaunchScreen.storyboard in Resources */,
				DDEAF60D24892026003BD54D /* Assets.xcassets in Resources */,
				DDEAF60B24892026003BD54D /* Main.storyboard in Resources */,
			);
			runOnlyForDeploymentPostprocessing = 0;
		};
		DDEAF66B248CCB31003BD54D /* Resources */ = {
			isa = PBXResourcesBuildPhase;
			buildActionMask = 2147483647;
			files = (
			);
			runOnlyForDeploymentPostprocessing = 0;
		};
/* End PBXResourcesBuildPhase section */

/* Begin PBXShellScriptBuildPhase section */
		5EED4DA401D1EA143DF0B6FD /* [CP] Embed Pods Frameworks */ = {
			isa = PBXShellScriptBuildPhase;
			buildActionMask = 2147483647;
			files = (
			);
			inputFileListPaths = (
				"${PODS_ROOT}/Target Support Files/Pods-Surprise Me Test/Pods-Surprise Me Test-frameworks-${CONFIGURATION}-input-files.xcfilelist",
			);
			name = "[CP] Embed Pods Frameworks";
			outputFileListPaths = (
				"${PODS_ROOT}/Target Support Files/Pods-Surprise Me Test/Pods-Surprise Me Test-frameworks-${CONFIGURATION}-output-files.xcfilelist",
			);
			runOnlyForDeploymentPostprocessing = 0;
			shellPath = /bin/sh;
			shellScript = "\"${PODS_ROOT}/Target Support Files/Pods-Surprise Me Test/Pods-Surprise Me Test-frameworks.sh\"\n";
			showEnvVarsInLog = 0;
		};
		D6587CF2A46AA2A9FC975D15 /* [CP] Check Pods Manifest.lock */ = {
			isa = PBXShellScriptBuildPhase;
			buildActionMask = 2147483647;
			files = (
			);
			inputFileListPaths = (
			);
			inputPaths = (
				"${PODS_PODFILE_DIR_PATH}/Podfile.lock",
				"${PODS_ROOT}/Manifest.lock",
			);
			name = "[CP] Check Pods Manifest.lock";
			outputFileListPaths = (
			);
			outputPaths = (
				"$(DERIVED_FILE_DIR)/Pods-Surprise Me Test-checkManifestLockResult.txt",
			);
			runOnlyForDeploymentPostprocessing = 0;
			shellPath = /bin/sh;
			shellScript = "diff \"${PODS_PODFILE_DIR_PATH}/Podfile.lock\" \"${PODS_ROOT}/Manifest.lock\" > /dev/null\nif [ $? != 0 ] ; then\n    # print error to STDERR\n    echo \"error: The sandbox is not in sync with the Podfile.lock. Run 'pod install' or update your CocoaPods installation.\" >&2\n    exit 1\nfi\n# This output is used by Xcode 'outputs' to avoid re-running this script phase.\necho \"SUCCESS\" > \"${SCRIPT_OUTPUT_FILE_0}\"\n";
			showEnvVarsInLog = 0;
		};
/* End PBXShellScriptBuildPhase section */

/* Begin PBXSourcesBuildPhase section */
		DDEAF5FC24892026003BD54D /* Sources */ = {
			isa = PBXSourcesBuildPhase;
			buildActionMask = 2147483647;
			files = (
				DDEAF64024896EBD003BD54D /* PastelessTextField.swift in Sources */,
				DDEAF6292489336B003BD54D /* SignInCoordinator.swift in Sources */,
				DDEAF63C24893C1E003BD54D /* DataWorker.swift in Sources */,
				DDEAF63524893B37003BD54D /* DownloadManager.swift in Sources */,
				DDEAF646248B8486003BD54D /* User.swift in Sources */,
				DDEAF62C24893A9F003BD54D /* SignInView.swift in Sources */,
				DDEAF660248C00E8003BD54D /* ConstraintConstants.swift in Sources */,
				DDEAF60824892026003BD54D /* ViewController.swift in Sources */,
				DDEAF63324893B0A003BD54D /* ImageCache.swift in Sources */,
				DDEAF654248BCE66003BD54D /* PhoneNumber.swift in Sources */,
				DDEAF63A24893BE7003BD54D /* CustomError.swift in Sources */,
				DDEAF64C248B94CA003BD54D /* URLBuilder.swift in Sources */,
				DDEAF666248C1067003BD54D /* UIColor+CustomColor.swift in Sources */,
				DDEAF64E248BAE5D003BD54D /* UITapGestureRecognizer+didTapAttributedTextInLabel.swift in Sources */,
				DDEAF65A248BEE28003BD54D /* URLRequestBuilder.swift in Sources */,
				DDEAF63724893B5F003BD54D /* HTTPURLResponse+HasSuccessStatusCodel.swift in Sources */,
				DDEAF65C248BEE56003BD54D /* Dictionary+PercentEncoded.swift in Sources */,
				DDEAF664248C08B4003BD54D /* CodeViewModel.swift in Sources */,
				DDEAF63024893AE8003BD54D /* AsyncImageView.swift in Sources */,
				DDEAF662248C02DB003BD54D /* CodeView.swift in Sources */,
				DDEAF668248C1FAC003BD54D /* AlertHandler.swift in Sources */,
				DDEAF60424892026003BD54D /* AppDelegate.swift in Sources */,
				DDEAF64A248B8602003BD54D /* Showplace.swift in Sources */,
				DDEAF62524892381003BD54D /* MainCoordinator.swift in Sources */,
				DDEAF648248B84EB003BD54D /* Tour.swift in Sources */,
				DDEAF627248932AB003BD54D /* SignInViewController.swift in Sources */,
				DDEAF623248922C2003BD54D /* Coordinator.swift in Sources */,
				DDEAF643248B8431003BD54D /* SignInViewModel.swift in Sources */,
				DDEAF658248BE22B003BD54D /* CodeViewController.swift in Sources */,
			);
			runOnlyForDeploymentPostprocessing = 0;
		};
		DDEAF669248CCB31003BD54D /* Sources */ = {
			isa = PBXSourcesBuildPhase;
			buildActionMask = 2147483647;
			files = (
				DDEAF678248CE425003BD54D /* PhoneNumber+Equatable.swift in Sources */,
				DDEAF670248CCB31003BD54D /* Surprise_Me_Test_Tests.swift in Sources */,
			);
			runOnlyForDeploymentPostprocessing = 0;
		};
/* End PBXSourcesBuildPhase section */

/* Begin PBXTargetDependency section */
		DDEAF673248CCB31003BD54D /* PBXTargetDependency */ = {
			isa = PBXTargetDependency;
			target = DDEAF5FF24892026003BD54D /* Surprise Me Test */;
			targetProxy = DDEAF672248CCB31003BD54D /* PBXContainerItemProxy */;
		};
/* End PBXTargetDependency section */

/* Begin PBXVariantGroup section */
		DDEAF60924892026003BD54D /* Main.storyboard */ = {
			isa = PBXVariantGroup;
			children = (
				DDEAF60A24892026003BD54D /* Base */,
			);
			name = Main.storyboard;
			sourceTree = "<group>";
		};
		DDEAF60E24892026003BD54D /* LaunchScreen.storyboard */ = {
			isa = PBXVariantGroup;
			children = (
				DDEAF60F24892026003BD54D /* Base */,
			);
			name = LaunchScreen.storyboard;
			sourceTree = "<group>";
		};
/* End PBXVariantGroup section */

/* Begin XCBuildConfiguration section */
		DDEAF61224892026003BD54D /* Debug */ = {
			isa = XCBuildConfiguration;
			buildSettings = {
				ALWAYS_SEARCH_USER_PATHS = NO;
				CLANG_ANALYZER_NONNULL = YES;
				CLANG_ANALYZER_NUMBER_OBJECT_CONVERSION = YES_AGGRESSIVE;
				CLANG_CXX_LANGUAGE_STANDARD = "gnu++14";
				CLANG_CXX_LIBRARY = "libc++";
				CLANG_ENABLE_MODULES = YES;
				CLANG_ENABLE_OBJC_ARC = YES;
				CLANG_ENABLE_OBJC_WEAK = YES;
				CLANG_WARN_BLOCK_CAPTURE_AUTORELEASING = YES;
				CLANG_WARN_BOOL_CONVERSION = YES;
				CLANG_WARN_COMMA = YES;
				CLANG_WARN_CONSTANT_CONVERSION = YES;
				CLANG_WARN_DEPRECATED_OBJC_IMPLEMENTATIONS = YES;
				CLANG_WARN_DIRECT_OBJC_ISA_USAGE = YES_ERROR;
				CLANG_WARN_DOCUMENTATION_COMMENTS = YES;
				CLANG_WARN_EMPTY_BODY = YES;
				CLANG_WARN_ENUM_CONVERSION = YES;
				CLANG_WARN_INFINITE_RECURSION = YES;
				CLANG_WARN_INT_CONVERSION = YES;
				CLANG_WARN_NON_LITERAL_NULL_CONVERSION = YES;
				CLANG_WARN_OBJC_IMPLICIT_RETAIN_SELF = YES;
				CLANG_WARN_OBJC_LITERAL_CONVERSION = YES;
				CLANG_WARN_OBJC_ROOT_CLASS = YES_ERROR;
				CLANG_WARN_RANGE_LOOP_ANALYSIS = YES;
				CLANG_WARN_STRICT_PROTOTYPES = YES;
				CLANG_WARN_SUSPICIOUS_MOVE = YES;
				CLANG_WARN_UNGUARDED_AVAILABILITY = YES_AGGRESSIVE;
				CLANG_WARN_UNREACHABLE_CODE = YES;
				CLANG_WARN__DUPLICATE_METHOD_MATCH = YES;
				COPY_PHASE_STRIP = NO;
				DEBUG_INFORMATION_FORMAT = dwarf;
				ENABLE_STRICT_OBJC_MSGSEND = YES;
				ENABLE_TESTABILITY = YES;
				GCC_C_LANGUAGE_STANDARD = gnu11;
				GCC_DYNAMIC_NO_PIC = NO;
				GCC_NO_COMMON_BLOCKS = YES;
				GCC_OPTIMIZATION_LEVEL = 0;
				GCC_PREPROCESSOR_DEFINITIONS = (
					"DEBUG=1",
					"$(inherited)",
				);
				GCC_WARN_64_TO_32_BIT_CONVERSION = YES;
				GCC_WARN_ABOUT_RETURN_TYPE = YES_ERROR;
				GCC_WARN_UNDECLARED_SELECTOR = YES;
				GCC_WARN_UNINITIALIZED_AUTOS = YES_AGGRESSIVE;
				GCC_WARN_UNUSED_FUNCTION = YES;
				GCC_WARN_UNUSED_VARIABLE = YES;
				IPHONEOS_DEPLOYMENT_TARGET = 11.0;
				MTL_ENABLE_DEBUG_INFO = INCLUDE_SOURCE;
				MTL_FAST_MATH = YES;
				ONLY_ACTIVE_ARCH = YES;
				SDKROOT = iphoneos;
				SWIFT_ACTIVE_COMPILATION_CONDITIONS = DEBUG;
				SWIFT_OPTIMIZATION_LEVEL = "-Onone";
			};
			name = Debug;
		};
		DDEAF61324892026003BD54D /* Release */ = {
			isa = XCBuildConfiguration;
			buildSettings = {
				ALWAYS_SEARCH_USER_PATHS = NO;
				CLANG_ANALYZER_NONNULL = YES;
				CLANG_ANALYZER_NUMBER_OBJECT_CONVERSION = YES_AGGRESSIVE;
				CLANG_CXX_LANGUAGE_STANDARD = "gnu++14";
				CLANG_CXX_LIBRARY = "libc++";
				CLANG_ENABLE_MODULES = YES;
				CLANG_ENABLE_OBJC_ARC = YES;
				CLANG_ENABLE_OBJC_WEAK = YES;
				CLANG_WARN_BLOCK_CAPTURE_AUTORELEASING = YES;
				CLANG_WARN_BOOL_CONVERSION = YES;
				CLANG_WARN_COMMA = YES;
				CLANG_WARN_CONSTANT_CONVERSION = YES;
				CLANG_WARN_DEPRECATED_OBJC_IMPLEMENTATIONS = YES;
				CLANG_WARN_DIRECT_OBJC_ISA_USAGE = YES_ERROR;
				CLANG_WARN_DOCUMENTATION_COMMENTS = YES;
				CLANG_WARN_EMPTY_BODY = YES;
				CLANG_WARN_ENUM_CONVERSION = YES;
				CLANG_WARN_INFINITE_RECURSION = YES;
				CLANG_WARN_INT_CONVERSION = YES;
				CLANG_WARN_NON_LITERAL_NULL_CONVERSION = YES;
				CLANG_WARN_OBJC_IMPLICIT_RETAIN_SELF = YES;
				CLANG_WARN_OBJC_LITERAL_CONVERSION = YES;
				CLANG_WARN_OBJC_ROOT_CLASS = YES_ERROR;
				CLANG_WARN_RANGE_LOOP_ANALYSIS = YES;
				CLANG_WARN_STRICT_PROTOTYPES = YES;
				CLANG_WARN_SUSPICIOUS_MOVE = YES;
				CLANG_WARN_UNGUARDED_AVAILABILITY = YES_AGGRESSIVE;
				CLANG_WARN_UNREACHABLE_CODE = YES;
				CLANG_WARN__DUPLICATE_METHOD_MATCH = YES;
				COPY_PHASE_STRIP = NO;
				DEBUG_INFORMATION_FORMAT = "dwarf-with-dsym";
				ENABLE_NS_ASSERTIONS = NO;
				ENABLE_STRICT_OBJC_MSGSEND = YES;
				GCC_C_LANGUAGE_STANDARD = gnu11;
				GCC_NO_COMMON_BLOCKS = YES;
				GCC_WARN_64_TO_32_BIT_CONVERSION = YES;
				GCC_WARN_ABOUT_RETURN_TYPE = YES_ERROR;
				GCC_WARN_UNDECLARED_SELECTOR = YES;
				GCC_WARN_UNINITIALIZED_AUTOS = YES_AGGRESSIVE;
				GCC_WARN_UNUSED_FUNCTION = YES;
				GCC_WARN_UNUSED_VARIABLE = YES;
				IPHONEOS_DEPLOYMENT_TARGET = 11.0;
				MTL_ENABLE_DEBUG_INFO = NO;
				MTL_FAST_MATH = YES;
				SDKROOT = iphoneos;
				SWIFT_COMPILATION_MODE = wholemodule;
				SWIFT_OPTIMIZATION_LEVEL = "-O";
				VALIDATE_PRODUCT = YES;
			};
			name = Release;
		};
		DDEAF61524892026003BD54D /* Debug */ = {
			isa = XCBuildConfiguration;
			baseConfigurationReference = 031D0FA6CDCA776FCD8C60AD /* Pods-Surprise Me Test.debug.xcconfig */;
			buildSettings = {
				ASSETCATALOG_COMPILER_APPICON_NAME = AppIcon;
				CODE_SIGN_STYLE = Automatic;
				DEVELOPMENT_TEAM = QZTJ8W8QRE;
				INFOPLIST_FILE = "$(SRCROOT)/Surprise Me Test/Resources/Info.plist";
				IPHONEOS_DEPLOYMENT_TARGET = 11.0;
				LD_RUNPATH_SEARCH_PATHS = (
					"$(inherited)",
					"@executable_path/Frameworks",
				);
				PRODUCT_BUNDLE_IDENTIFIER = "un0dvend1g.Surprise-Me-Test";
				PRODUCT_NAME = "$(TARGET_NAME)";
				SWIFT_VERSION = 5.0;
				TARGETED_DEVICE_FAMILY = "1,2";
			};
			name = Debug;
		};
		DDEAF61624892026003BD54D /* Release */ = {
			isa = XCBuildConfiguration;
			baseConfigurationReference = 236EFB57D3AF28FC52DE8A0F /* Pods-Surprise Me Test.release.xcconfig */;
			buildSettings = {
				ASSETCATALOG_COMPILER_APPICON_NAME = AppIcon;
				CODE_SIGN_STYLE = Automatic;
				DEVELOPMENT_TEAM = QZTJ8W8QRE;
				INFOPLIST_FILE = "$(SRCROOT)/Surprise Me Test/Resources/Info.plist";
				IPHONEOS_DEPLOYMENT_TARGET = 11.0;
				LD_RUNPATH_SEARCH_PATHS = (
					"$(inherited)",
					"@executable_path/Frameworks",
				);
				PRODUCT_BUNDLE_IDENTIFIER = "un0dvend1g.Surprise-Me-Test";
				PRODUCT_NAME = "$(TARGET_NAME)";
				SWIFT_VERSION = 5.0;
				TARGETED_DEVICE_FAMILY = "1,2";
			};
			name = Release;
		};
		DDEAF675248CCB31003BD54D /* Debug */ = {
			isa = XCBuildConfiguration;
			buildSettings = {
				BUNDLE_LOADER = "$(TEST_HOST)";
				CODE_SIGN_STYLE = Automatic;
				DEVELOPMENT_TEAM = QZTJ8W8QRE;
				INFOPLIST_FILE = "Surprise Me Test Tests/Info.plist";
				IPHONEOS_DEPLOYMENT_TARGET = 13.5;
				LD_RUNPATH_SEARCH_PATHS = (
					"$(inherited)",
					"@executable_path/Frameworks",
					"@loader_path/Frameworks",
				);
				PRODUCT_BUNDLE_IDENTIFIER = "un0dvend1g.Surprise-Me-Test-Tests";
				PRODUCT_NAME = "$(TARGET_NAME)";
				SWIFT_VERSION = 5.0;
				TARGETED_DEVICE_FAMILY = "1,2";
				TEST_HOST = "$(BUILT_PRODUCTS_DIR)/Surprise Me Test.app/Surprise Me Test";
			};
			name = Debug;
		};
		DDEAF676248CCB31003BD54D /* Release */ = {
			isa = XCBuildConfiguration;
			buildSettings = {
				BUNDLE_LOADER = "$(TEST_HOST)";
				CODE_SIGN_STYLE = Automatic;
				DEVELOPMENT_TEAM = QZTJ8W8QRE;
				INFOPLIST_FILE = "Surprise Me Test Tests/Info.plist";
				IPHONEOS_DEPLOYMENT_TARGET = 13.5;
				LD_RUNPATH_SEARCH_PATHS = (
					"$(inherited)",
					"@executable_path/Frameworks",
					"@loader_path/Frameworks",
				);
				PRODUCT_BUNDLE_IDENTIFIER = "un0dvend1g.Surprise-Me-Test-Tests";
				PRODUCT_NAME = "$(TARGET_NAME)";
				SWIFT_VERSION = 5.0;
				TARGETED_DEVICE_FAMILY = "1,2";
				TEST_HOST = "$(BUILT_PRODUCTS_DIR)/Surprise Me Test.app/Surprise Me Test";
			};
			name = Release;
		};
/* End XCBuildConfiguration section */

/* Begin XCConfigurationList section */
		DDEAF5FB24892026003BD54D /* Build configuration list for PBXProject "Surprise Me Test" */ = {
			isa = XCConfigurationList;
			buildConfigurations = (
				DDEAF61224892026003BD54D /* Debug */,
				DDEAF61324892026003BD54D /* Release */,
			);
			defaultConfigurationIsVisible = 0;
			defaultConfigurationName = Release;
		};
		DDEAF61424892026003BD54D /* Build configuration list for PBXNativeTarget "Surprise Me Test" */ = {
			isa = XCConfigurationList;
			buildConfigurations = (
				DDEAF61524892026003BD54D /* Debug */,
				DDEAF61624892026003BD54D /* Release */,
			);
			defaultConfigurationIsVisible = 0;
			defaultConfigurationName = Release;
		};
		DDEAF674248CCB31003BD54D /* Build configuration list for PBXNativeTarget "Surprise Me Test Tests" */ = {
			isa = XCConfigurationList;
			buildConfigurations = (
				DDEAF675248CCB31003BD54D /* Debug */,
				DDEAF676248CCB31003BD54D /* Release */,
			);
			defaultConfigurationIsVisible = 0;
			defaultConfigurationName = Release;
		};
/* End XCConfigurationList section */
	};
	rootObject = DDEAF5F824892026003BD54D /* Project object */;
}
